
Microsoft Visual Studio Solution File, Format Version 12.00
Project("{2150E333-8FDC-42A3-9474-1A3956D46DE8}") = "Services", "Services", "{ABC6BD34-D60A-4636-81DE-B311871FACA8}"
EndProject
Project("{2150E333-8FDC-42A3-9474-1A3956D46DE8}") = "OrderService", "OrderService", "{C174CC0E-1964-43A2-82B8-29EB50D12E66}"
EndProject
Project("{FAE04EC0-301F-11D3-BF4B-00C04F79EFBC}") = "Order.Application", "Services\OrderService\Order.Application\Order.Application.csproj", "{485F2923-9E61-4930-9A18-FA53B6790060}"
EndProject
Project("{FAE04EC0-301F-11D3-BF4B-00C04F79EFBC}") = "Orders.API", "Services\OrderService\Orders.API\Orders.API.csproj", "{BD82CA81-89E1-4709-98F0-5B4EEFDBE607}"
EndProject
Project("{FAE04EC0-301F-11D3-BF4B-00C04F79EFBC}") = "Orders.Domain", "Services\OrderService\Orders.Domain\Orders.Domain.csproj", "{2693F209-1CF7-4E28-81D1-692DC2691B41}"
EndProject
Project("{FAE04EC0-301F-11D3-BF4B-00C04F79EFBC}") = "Orders.Infrastructure", "Services\OrderService\Orders.Infrastructure\Orders.Infrastructure.csproj", "{080C6E82-AD1B-42B8-B3FA-9C0070779A9B}"
EndProject
Project("{2150E333-8FDC-42A3-9474-1A3956D46DE8}") = "InventoryService", "InventoryService", "{371B329A-48B9-4343-9705-4F3A88A16AD3}"
EndProject
Project("{FAE04EC0-301F-11D3-BF4B-00C04F79EFBC}") = "Inventory.Domain", "Services\InventoryService\Inventory.Domain\Inventory.Domain.csproj", "{F5EC6485-20BE-4B68-8F0F-5755CBF77DC8}"
EndProject
Project("{FAE04EC0-301F-11D3-BF4B-00C04F79EFBC}") = "Inventory.Infrastructure", "Services\InventoryService\Inventory.Infrastructure\Inventory.Infrastructure.csproj", "{2A700E08-DB09-4B2B-884D-F47486E3EDD4}"
EndProject
Project("{FAE04EC0-301F-11D3-BF4B-00C04F79EFBC}") = "Inventory.Application", "Services\InventoryService\Inventory.Application\Inventory.Application.csproj", "{F0536DD0-067C-4EE0-B372-F15A8027F6FD}"
EndProject
Project("{FAE04EC0-301F-11D3-BF4B-00C04F79EFBC}") = "Inventory.API", "Services\InventoryService\Inventory.API\Inventory.API.csproj", "{C6C5FEFF-4930-4D4A-88ED-555980799E2F}"
EndProject
Project("{2150E333-8FDC-42A3-9474-1A3956D46DE8}") = "Gateway", "Gateway", "{992BDA44-4D0C-40A5-8060-F69F6CA5D0D2}"
EndProject
Project("{2150E333-8FDC-42A3-9474-1A3956D46DE8}") = "Frontend", "Frontend", "{82ED3153-3DD8-40BE-92EF-5930393F6B70}"
EndProject
Project("{FAE04EC0-301F-11D3-BF4B-00C04F79EFBC}") = "Gateway", "Gateway\Gateway\Gateway.csproj", "{9805CEBC-4C2B-486E-B70B-C174775B4435}"
EndProject
Project("{FAE04EC0-301F-11D3-BF4B-00C04F79EFBC}") = "Orders.Events", "Services\OrderService\Orders.Events\Orders.Events.csproj", "{471CA80E-FD6C-4D45-BA2E-7B0D7CD1B522}"
EndProject
Project("{FAE04EC0-301F-11D3-BF4B-00C04F79EFBC}") = "Inventory.Events", "Services\InventoryService\Inventory.Events\Inventory.Events.csproj", "{06A250D7-2F4C-4BCC-9702-B7B466568A18}"
EndProject
Project("{2150E333-8FDC-42A3-9474-1A3956D46DE8}") = "Infrastructure", "Infrastructure", "{09E23818-3F21-4714-BDC4-C653AA63C93D}"
EndProject
Project("{FAE04EC0-301F-11D3-BF4B-00C04F79EFBC}") = "Infrastructure", "Infrastructure\Infrastructure.csproj", "{006AEAE8-DEE4-44AF-8A27-D99207BFEF4D}"
EndProject
Project("{FAE04EC0-301F-11D3-BF4B-00C04F79EFBC}") = "OrderPipelineContracts", "Services\OrderPipelineContracts\OrderPipelineContracts.csproj", "{4F4F9650-450C-41C8-ABD6-1E10F19FB01B}"
EndProject
Project("{2150E333-8FDC-42A3-9474-1A3956D46DE8}") = "Contracts", "Contracts", "{C0690C58-2E50-4C9E-8947-7D534811DB2F}"
EndProject
Global
	GlobalSection(SolutionConfigurationPlatforms) = preSolution
		Debug|Any CPU = Debug|Any CPU
		Release|Any CPU = Release|Any CPU
	EndGlobalSection
	GlobalSection(NestedProjects) = preSolution
		{C174CC0E-1964-43A2-82B8-29EB50D12E66} = {ABC6BD34-D60A-4636-81DE-B311871FACA8}
		{65F3F757-75AC-4E12-BB99-83E186F4BC1D} = {C174CC0E-1964-43A2-82B8-29EB50D12E66}
		{485F2923-9E61-4930-9A18-FA53B6790060} = {C174CC0E-1964-43A2-82B8-29EB50D12E66}
		{BD82CA81-89E1-4709-98F0-5B4EEFDBE607} = {C174CC0E-1964-43A2-82B8-29EB50D12E66}
		{2693F209-1CF7-4E28-81D1-692DC2691B41} = {C174CC0E-1964-43A2-82B8-29EB50D12E66}
		{080C6E82-AD1B-42B8-B3FA-9C0070779A9B} = {C174CC0E-1964-43A2-82B8-29EB50D12E66}
		{371B329A-48B9-4343-9705-4F3A88A16AD3} = {ABC6BD34-D60A-4636-81DE-B311871FACA8}
		{F5EC6485-20BE-4B68-8F0F-5755CBF77DC8} = {371B329A-48B9-4343-9705-4F3A88A16AD3}
		{2A700E08-DB09-4B2B-884D-F47486E3EDD4} = {371B329A-48B9-4343-9705-4F3A88A16AD3}
		{F0536DD0-067C-4EE0-B372-F15A8027F6FD} = {371B329A-48B9-4343-9705-4F3A88A16AD3}
		{C6C5FEFF-4930-4D4A-88ED-555980799E2F} = {371B329A-48B9-4343-9705-4F3A88A16AD3}
		{9805CEBC-4C2B-486E-B70B-C174775B4435} = {992BDA44-4D0C-40A5-8060-F69F6CA5D0D2}
		{471CA80E-FD6C-4D45-BA2E-7B0D7CD1B522} = {C174CC0E-1964-43A2-82B8-29EB50D12E66}
		{06A250D7-2F4C-4BCC-9702-B7B466568A18} = {371B329A-48B9-4343-9705-4F3A88A16AD3}
		{006AEAE8-DEE4-44AF-8A27-D99207BFEF4D} = {09E23818-3F21-4714-BDC4-C653AA63C93D}
		{C0690C58-2E50-4C9E-8947-7D534811DB2F} = {ABC6BD34-D60A-4636-81DE-B311871FACA8}
		{4F4F9650-450C-41C8-ABD6-1E10F19FB01B} = {C0690C58-2E50-4C9E-8947-7D534811DB2F}
	EndGlobalSection
	GlobalSection(ProjectConfigurationPlatforms) = postSolution
		{65F3F757-75AC-4E12-BB99-83E186F4BC1D}.Debug|Any CPU.ActiveCfg = Debug|Any CPU
		{65F3F757-75AC-4E12-BB99-83E186F4BC1D}.Debug|Any CPU.Build.0 = Debug|Any CPU
		{65F3F757-75AC-4E12-BB99-83E186F4BC1D}.Release|Any CPU.ActiveCfg = Release|Any CPU
		{65F3F757-75AC-4E12-BB99-83E186F4BC1D}.Release|Any CPU.Build.0 = Release|Any CPU
		{485F2923-9E61-4930-9A18-FA53B6790060}.Debug|Any CPU.ActiveCfg = Debug|Any CPU
		{485F2923-9E61-4930-9A18-FA53B6790060}.Debug|Any CPU.Build.0 = Debug|Any CPU
		{485F2923-9E61-4930-9A18-FA53B6790060}.Release|Any CPU.ActiveCfg = Release|Any CPU
		{485F2923-9E61-4930-9A18-FA53B6790060}.Release|Any CPU.Build.0 = Release|Any CPU
		{BD82CA81-89E1-4709-98F0-5B4EEFDBE607}.Debug|Any CPU.ActiveCfg = Debug|Any CPU
		{BD82CA81-89E1-4709-98F0-5B4EEFDBE607}.Debug|Any CPU.Build.0 = Debug|Any CPU
		{BD82CA81-89E1-4709-98F0-5B4EEFDBE607}.Release|Any CPU.ActiveCfg = Release|Any CPU
		{BD82CA81-89E1-4709-98F0-5B4EEFDBE607}.Release|Any CPU.Build.0 = Release|Any CPU
		{2693F209-1CF7-4E28-81D1-692DC2691B41}.Debug|Any CPU.ActiveCfg = Debug|Any CPU
		{2693F209-1CF7-4E28-81D1-692DC2691B41}.Debug|Any CPU.Build.0 = Debug|Any CPU
		{2693F209-1CF7-4E28-81D1-692DC2691B41}.Release|Any CPU.ActiveCfg = Release|Any CPU
		{2693F209-1CF7-4E28-81D1-692DC2691B41}.Release|Any CPU.Build.0 = Release|Any CPU
		{080C6E82-AD1B-42B8-B3FA-9C0070779A9B}.Debug|Any CPU.ActiveCfg = Debug|Any CPU
		{080C6E82-AD1B-42B8-B3FA-9C0070779A9B}.Debug|Any CPU.Build.0 = Debug|Any CPU
		{080C6E82-AD1B-42B8-B3FA-9C0070779A9B}.Release|Any CPU.ActiveCfg = Release|Any CPU
		{080C6E82-AD1B-42B8-B3FA-9C0070779A9B}.Release|Any CPU.Build.0 = Release|Any CPU
		{F5EC6485-20BE-4B68-8F0F-5755CBF77DC8}.Debug|Any CPU.ActiveCfg = Debug|Any CPU
		{F5EC6485-20BE-4B68-8F0F-5755CBF77DC8}.Debug|Any CPU.Build.0 = Debug|Any CPU
		{F5EC6485-20BE-4B68-8F0F-5755CBF77DC8}.Release|Any CPU.ActiveCfg = Release|Any CPU
		{F5EC6485-20BE-4B68-8F0F-5755CBF77DC8}.Release|Any CPU.Build.0 = Release|Any CPU
		{2A700E08-DB09-4B2B-884D-F47486E3EDD4}.Debug|Any CPU.ActiveCfg = Debug|Any CPU
		{2A700E08-DB09-4B2B-884D-F47486E3EDD4}.Debug|Any CPU.Build.0 = Debug|Any CPU
		{2A700E08-DB09-4B2B-884D-F47486E3EDD4}.Release|Any CPU.ActiveCfg = Release|Any CPU
		{2A700E08-DB09-4B2B-884D-F47486E3EDD4}.Release|Any CPU.Build.0 = Release|Any CPU
		{F0536DD0-067C-4EE0-B372-F15A8027F6FD}.Debug|Any CPU.ActiveCfg = Debug|Any CPU
		{F0536DD0-067C-4EE0-B372-F15A8027F6FD}.Debug|Any CPU.Build.0 = Debug|Any CPU
		{F0536DD0-067C-4EE0-B372-F15A8027F6FD}.Release|Any CPU.ActiveCfg = Release|Any CPU
		{F0536DD0-067C-4EE0-B372-F15A8027F6FD}.Release|Any CPU.Build.0 = Release|Any CPU
		{C6C5FEFF-4930-4D4A-88ED-555980799E2F}.Debug|Any CPU.ActiveCfg = Debug|Any CPU
		{C6C5FEFF-4930-4D4A-88ED-555980799E2F}.Debug|Any CPU.Build.0 = Debug|Any CPU
		{C6C5FEFF-4930-4D4A-88ED-555980799E2F}.Release|Any CPU.ActiveCfg = Release|Any CPU
		{C6C5FEFF-4930-4D4A-88ED-555980799E2F}.Release|Any CPU.Build.0 = Release|Any CPU
		{9805CEBC-4C2B-486E-B70B-C174775B4435}.Debug|Any CPU.ActiveCfg = Debug|Any CPU
		{9805CEBC-4C2B-486E-B70B-C174775B4435}.Debug|Any CPU.Build.0 = Debug|Any CPU
		{9805CEBC-4C2B-486E-B70B-C174775B4435}.Release|Any CPU.ActiveCfg = Release|Any CPU
		{9805CEBC-4C2B-486E-B70B-C174775B4435}.Release|Any CPU.Build.0 = Release|Any CPU
		{471CA80E-FD6C-4D45-BA2E-7B0D7CD1B522}.Debug|Any CPU.ActiveCfg = Debug|Any CPU
		{471CA80E-FD6C-4D45-BA2E-7B0D7CD1B522}.Debug|Any CPU.Build.0 = Debug|Any CPU
		{471CA80E-FD6C-4D45-BA2E-7B0D7CD1B522}.Release|Any CPU.ActiveCfg = Release|Any CPU
		{471CA80E-FD6C-4D45-BA2E-7B0D7CD1B522}.Release|Any CPU.Build.0 = Release|Any CPU
		{06A250D7-2F4C-4BCC-9702-B7B466568A18}.Debug|Any CPU.ActiveCfg = Debug|Any CPU
		{06A250D7-2F4C-4BCC-9702-B7B466568A18}.Debug|Any CPU.Build.0 = Debug|Any CPU
		{06A250D7-2F4C-4BCC-9702-B7B466568A18}.Release|Any CPU.ActiveCfg = Release|Any CPU
		{06A250D7-2F4C-4BCC-9702-B7B466568A18}.Release|Any CPU.Build.0 = Release|Any CPU
		{006AEAE8-DEE4-44AF-8A27-D99207BFEF4D}.Debug|Any CPU.ActiveCfg = Debug|Any CPU
		{006AEAE8-DEE4-44AF-8A27-D99207BFEF4D}.Debug|Any CPU.Build.0 = Debug|Any CPU
		{006AEAE8-DEE4-44AF-8A27-D99207BFEF4D}.Release|Any CPU.ActiveCfg = Release|Any CPU
		{006AEAE8-DEE4-44AF-8A27-D99207BFEF4D}.Release|Any CPU.Build.0 = Release|Any CPU
		{4F4F9650-450C-41C8-ABD6-1E10F19FB01B}.Debug|Any CPU.ActiveCfg = Debug|Any CPU
		{4F4F9650-450C-41C8-ABD6-1E10F19FB01B}.Debug|Any CPU.Build.0 = Debug|Any CPU
		{4F4F9650-450C-41C8-ABD6-1E10F19FB01B}.Release|Any CPU.ActiveCfg = Release|Any CPU
		{4F4F9650-450C-41C8-ABD6-1E10F19FB01B}.Release|Any CPU.Build.0 = Release|Any CPU
	EndGlobalSection
EndGlobal
